
Microsoft Visual Studio Solution File, Format Version 12.00
# Visual Studio Version 17
VisualStudioVersion = 17.3.32819.101
MinimumVisualStudioVersion = 10.0.40219.1
Project("{2150E333-8FDC-42A3-9474-1A3956D46DE8}") = "Task1", "Task1", "{75A9203B-33A4-443C-8CD5-48438E5B045A}"
EndProject
Project("{2150E333-8FDC-42A3-9474-1A3956D46DE8}") = "Task2", "Task2", "{4BD47811-B18E-400B-8BA7-0C63962CB8DA}"
EndProject
Project("{9A19103F-16F7-4668-BE54-9A1E7A4F7556}") = "Data", "Task1\Data\Data.csproj", "{4293E1D8-9D47-4FFD-B940-A74C144BE082}"
EndProject
Project("{9A19103F-16F7-4668-BE54-9A1E7A4F7556}") = "Task1.Function", "Task1\Task1.Function\Task1.Function.csproj", "{D00520D8-16BC-4272-9CB4-0B50818CE291}"
EndProject
Project("{9A19103F-16F7-4668-BE54-9A1E7A4F7556}") = "ResponseHandler", "Task1\ResponseHandler\ResponseHandler.csproj", "{6D96B260-1A4D-4512-96E0-F7BAA5599CFA}"
EndProject
Project("{9A19103F-16F7-4668-BE54-9A1E7A4F7556}") = "Task1.API", "Task1\Task1.API\Task1.API.csproj", "{C66C8B9C-D2F3-49A6-910B-A108DD1D9DE1}"
EndProject
Project("{9A19103F-16F7-4668-BE54-9A1E7A4F7556}") = "DB", "Task2\DB\DB.csproj", "{8145E7D6-ED84-451A-841E-D645BB79FA0C}"
EndProject
Project("{9A19103F-16F7-4668-BE54-9A1E7A4F7556}") = "WeatherApp", "Task2\WeatherApp\WeatherApp.csproj", "{62953984-5873-4D20-9DC8-EBA3B96A2851}"
EndProject
Project("{9A19103F-16F7-4668-BE54-9A1E7A4F7556}") = "WeatherConsoleApp", "Task2\WeatherConsoleApp\WeatherConsoleApp.csproj", "{32435C0B-85E0-41AE-9774-54B4C07D5C25}"
EndProject
Global
	GlobalSection(SolutionConfigurationPlatforms) = preSolution
		Debug|Any CPU = Debug|Any CPU
		Release|Any CPU = Release|Any CPU
	EndGlobalSection
	GlobalSection(ProjectConfigurationPlatforms) = postSolution
		{4293E1D8-9D47-4FFD-B940-A74C144BE082}.Debug|Any CPU.ActiveCfg = Debug|Any CPU
		{4293E1D8-9D47-4FFD-B940-A74C144BE082}.Debug|Any CPU.Build.0 = Debug|Any CPU
		{4293E1D8-9D47-4FFD-B940-A74C144BE082}.Release|Any CPU.ActiveCfg = Release|Any CPU
		{4293E1D8-9D47-4FFD-B940-A74C144BE082}.Release|Any CPU.Build.0 = Release|Any CPU
		{D00520D8-16BC-4272-9CB4-0B50818CE291}.Debug|Any CPU.ActiveCfg = Debug|Any CPU
		{D00520D8-16BC-4272-9CB4-0B50818CE291}.Debug|Any CPU.Build.0 = Debug|Any CPU
		{D00520D8-16BC-4272-9CB4-0B50818CE291}.Release|Any CPU.ActiveCfg = Release|Any CPU
		{D00520D8-16BC-4272-9CB4-0B50818CE291}.Release|Any CPU.Build.0 = Release|Any CPU
		{6D96B260-1A4D-4512-96E0-F7BAA5599CFA}.Debug|Any CPU.ActiveCfg = Debug|Any CPU
		{6D96B260-1A4D-4512-96E0-F7BAA5599CFA}.Debug|Any CPU.Build.0 = Debug|Any CPU
		{6D96B260-1A4D-4512-96E0-F7BAA5599CFA}.Release|Any CPU.ActiveCfg = Release|Any CPU
		{6D96B260-1A4D-4512-96E0-F7BAA5599CFA}.Release|Any CPU.Build.0 = Release|Any CPU
		{C66C8B9C-D2F3-49A6-910B-A108DD1D9DE1}.Debug|Any CPU.ActiveCfg = Debug|Any CPU
		{C66C8B9C-D2F3-49A6-910B-A108DD1D9DE1}.Debug|Any CPU.Build.0 = Debug|Any CPU
		{C66C8B9C-D2F3-49A6-910B-A108DD1D9DE1}.Release|Any CPU.ActiveCfg = Release|Any CPU
		{C66C8B9C-D2F3-49A6-910B-A108DD1D9DE1}.Release|Any CPU.Build.0 = Release|Any CPU
		{8145E7D6-ED84-451A-841E-D645BB79FA0C}.Debug|Any CPU.ActiveCfg = Debug|Any CPU
		{8145E7D6-ED84-451A-841E-D645BB79FA0C}.Debug|Any CPU.Build.0 = Debug|Any CPU
		{8145E7D6-ED84-451A-841E-D645BB79FA0C}.Release|Any CPU.ActiveCfg = Release|Any CPU
		{8145E7D6-ED84-451A-841E-D645BB79FA0C}.Release|Any CPU.Build.0 = Release|Any CPU
		{62953984-5873-4D20-9DC8-EBA3B96A2851}.Debug|Any CPU.ActiveCfg = Debug|Any CPU
		{62953984-5873-4D20-9DC8-EBA3B96A2851}.Debug|Any CPU.Build.0 = Debug|Any CPU
		{62953984-5873-4D20-9DC8-EBA3B96A2851}.Release|Any CPU.ActiveCfg = Release|Any CPU
		{62953984-5873-4D20-9DC8-EBA3B96A2851}.Release|Any CPU.Build.0 = Release|Any CPU
		{32435C0B-85E0-41AE-9774-54B4C07D5C25}.Debug|Any CPU.ActiveCfg = Debug|Any CPU
		{32435C0B-85E0-41AE-9774-54B4C07D5C25}.Debug|Any CPU.Build.0 = Debug|Any CPU
		{32435C0B-85E0-41AE-9774-54B4C07D5C25}.Release|Any CPU.ActiveCfg = Release|Any CPU
		{32435C0B-85E0-41AE-9774-54B4C07D5C25}.Release|Any CPU.Build.0 = Release|Any CPU
	EndGlobalSection
	GlobalSection(SolutionProperties) = preSolution
		HideSolutionNode = FALSE
	EndGlobalSection
	GlobalSection(NestedProjects) = preSolution
		{4293E1D8-9D47-4FFD-B940-A74C144BE082} = {75A9203B-33A4-443C-8CD5-48438E5B045A}
		{D00520D8-16BC-4272-9CB4-0B50818CE291} = {75A9203B-33A4-443C-8CD5-48438E5B045A}
		{6D96B260-1A4D-4512-96E0-F7BAA5599CFA} = {75A9203B-33A4-443C-8CD5-48438E5B045A}
		{C66C8B9C-D2F3-49A6-910B-A108DD1D9DE1} = {75A9203B-33A4-443C-8CD5-48438E5B045A}
		{8145E7D6-ED84-451A-841E-D645BB79FA0C} = {4BD47811-B18E-400B-8BA7-0C63962CB8DA}
		{62953984-5873-4D20-9DC8-EBA3B96A2851} = {4BD47811-B18E-400B-8BA7-0C63962CB8DA}
		{32435C0B-85E0-41AE-9774-54B4C07D5C25} = {4BD47811-B18E-400B-8BA7-0C63962CB8DA}
	EndGlobalSection
	GlobalSection(ExtensibilityGlobals) = postSolution
		SolutionGuid = {E9427A83-253F-4611-B077-7E1D48B308AA}
	EndGlobalSection
EndGlobal
